
Microsoft Visual Studio Solution File, Format Version 12.00
# Visual Studio 15
VisualStudioVersion = 15.0.27130.2027
MinimumVisualStudioVersion = 10.0.40219.1
Project("{FAE04EC0-301F-11D3-BF4B-00C04F79EFBC}") = "GUITravel", "GUITravel\GUITravel.csproj", "{67AD0B09-8B2D-4F0A-91D7-FA28401325A3}"
EndProject
Project("{FAE04EC0-301F-11D3-BF4B-00C04F79EFBC}") = "Infrastructure", "..\..\..\..\Desktop\M120\AB120_02\AB120_02\AB120_02\AB120_02\Infrastructure.csproj", "{639B185F-0D76-4D8C-8529-1667562226A7}"
EndProject
Global
	GlobalSection(SolutionConfigurationPlatforms) = preSolution
		Debug|Any CPU = Debug|Any CPU
		Release|Any CPU = Release|Any CPU
	EndGlobalSection
	GlobalSection(ProjectConfigurationPlatforms) = postSolution
		{67AD0B09-8B2D-4F0A-91D7-FA28401325A3}.Debug|Any CPU.ActiveCfg = Debug|Any CPU
		{67AD0B09-8B2D-4F0A-91D7-FA28401325A3}.Debug|Any CPU.Build.0 = Debug|Any CPU
		{67AD0B09-8B2D-4F0A-91D7-FA28401325A3}.Release|Any CPU.ActiveCfg = Release|Any CPU
		{67AD0B09-8B2D-4F0A-91D7-FA28401325A3}.Release|Any CPU.Build.0 = Release|Any CPU
		{639B185F-0D76-4D8C-8529-1667562226A7}.Debug|Any CPU.ActiveCfg = Debug|Any CPU
		{639B185F-0D76-4D8C-8529-1667562226A7}.Debug|Any CPU.Build.0 = Debug|Any CPU
		{639B185F-0D76-4D8C-8529-1667562226A7}.Release|Any CPU.ActiveCfg = Release|Any CPU
		{639B185F-0D76-4D8C-8529-1667562226A7}.Release|Any CPU.Build.0 = Release|Any CPU
	EndGlobalSection
	GlobalSection(SolutionProperties) = preSolution
		HideSolutionNode = FALSE
	EndGlobalSection
	GlobalSection(ExtensibilityGlobals) = postSolution
		SolutionGuid = {F114CBC5-3F85-4702-9AF8-88011198E6B5}
	EndGlobalSection
EndGlobal
